
Microsoft Visual Studio Solution File, Format Version 12.00
# Visual Studio Version 17
VisualStudioVersion = 17.5.002.0
MinimumVisualStudioVersion = 10.0.40219.1
Project("{9A19103F-16F7-4668-BE54-9A1E7A4F7556}") = "Homework_021023", "Homework_021023\Homework_021023.csproj", "{15A91C99-E8DB-4B03-9D40-EBC463711EEA}"
EndProject
Project("{9A19103F-16F7-4668-BE54-9A1E7A4F7556}") = "Homework_051023", "Homework_051023\Homework_051023.csproj", "{2B7368AE-FF41-4108-8DB8-4227C11FEB1B}"
EndProject
Project("{9A19103F-16F7-4668-BE54-9A1E7A4F7556}") = "Homework_091023", "Homework_091023\Homework_091023.csproj", "{2DD8DFDF-04D3-4DC5-A5D3-ADB9BF0D638D}"
EndProject
Project("{9A19103F-16F7-4668-BE54-9A1E7A4F7556}") = "Homework_121023", "Homework_121023\Homework_121023.csproj", "{8D347E89-B8C5-4A1D-B122-37CF8725608E}"
EndProject
Project("{9A19103F-16F7-4668-BE54-9A1E7A4F7556}") = "Homework_180923", "Homework_180923\Homework_180923.csproj", "{566F452F-A68E-491A-9785-2B0155111438}"
EndProject
Project("{9A19103F-16F7-4668-BE54-9A1E7A4F7556}") = "Homework_210923", "Homework_210923\Homework_210923.csproj", "{F2CFDC2F-E4E8-4E4D-8FC8-1203E9A7FD9C}"
EndProject
Project("{9A19103F-16F7-4668-BE54-9A1E7A4F7556}") = "Homework_240923", "Homework_240923\Homework_240923.csproj", "{2ABE5410-1BC2-49AC-B3DC-0E07F55E8ABE}"
EndProject
Project("{9A19103F-16F7-4668-BE54-9A1E7A4F7556}") = "Homework_280923", "Homework_280923\Homework_280923.csproj", "{19D601C6-377B-45BD-9246-CADCB7E13771}"
EndProject
Project("{9A19103F-16F7-4668-BE54-9A1E7A4F7556}") = "Самостоятельная работа", "Самостоятельная работа\Самостоятельная работа.csproj", "{347E7D00-7D97-4465-BBDF-456E99DB38E5}"
EndProject
Project("{2150E333-8FDC-42A3-9474-1A3956D46DE8}") = "Seminars", "Seminars", "{CDCE8D22-9ADF-41B7-8D0D-D2F85F517AAD}"
EndProject
Project("{9A19103F-16F7-4668-BE54-9A1E7A4F7556}") = "Sem1", "Seminars\Sem1\Sem1.csproj", "{FDD1B5B0-D2BF-4083-A353-514BC6610A86}"
EndProject
Project("{9A19103F-16F7-4668-BE54-9A1E7A4F7556}") = "Sem2", "Seminars\Sem2\Sem2.csproj", "{96E4A163-C849-426E-A6B1-235FBCB2F72A}"
EndProject
Project("{9A19103F-16F7-4668-BE54-9A1E7A4F7556}") = "Sem3", "Seminars\Sem3\Sem3.csproj", "{13621F99-C647-4FBC-85CB-49C61130EDDD}"
EndProject
Project("{9A19103F-16F7-4668-BE54-9A1E7A4F7556}") = "Sem4", "Seminars\Sem4\Sem4.csproj", "{3F945DFC-6997-4C62-9C97-A03043477167}"
EndProject
Project("{9A19103F-16F7-4668-BE54-9A1E7A4F7556}") = "Sem5", "Seminars\Sem5\Sem5.csproj", "{A4301BAA-55A0-49FE-A984-7A4FE2DA6487}"
EndProject
Project("{9A19103F-16F7-4668-BE54-9A1E7A4F7556}") = "Sem6", "Seminars\Sem6\Sem6.csproj", "{CC51B491-DCF2-4F1D-AE8E-78663849255F}"
EndProject
Project("{9A19103F-16F7-4668-BE54-9A1E7A4F7556}") = "Sem7", "Seminars\Sem7\Sem7.csproj", "{46B3C126-F577-4843-8DC2-2500BB81593D}"
EndProject
Project("{9A19103F-16F7-4668-BE54-9A1E7A4F7556}") = "Sem8", "Seminars\Sem8\Sem8.csproj", "{B1841AD7-65EF-4646-BFCD-9B72F552E174}"
EndProject
Global
	GlobalSection(SolutionConfigurationPlatforms) = preSolution
		Debug|Any CPU = Debug|Any CPU
		Release|Any CPU = Release|Any CPU
	EndGlobalSection
	GlobalSection(ProjectConfigurationPlatforms) = postSolution
		{15A91C99-E8DB-4B03-9D40-EBC463711EEA}.Debug|Any CPU.ActiveCfg = Debug|Any CPU
		{15A91C99-E8DB-4B03-9D40-EBC463711EEA}.Debug|Any CPU.Build.0 = Debug|Any CPU
		{15A91C99-E8DB-4B03-9D40-EBC463711EEA}.Release|Any CPU.ActiveCfg = Release|Any CPU
		{15A91C99-E8DB-4B03-9D40-EBC463711EEA}.Release|Any CPU.Build.0 = Release|Any CPU
		{2B7368AE-FF41-4108-8DB8-4227C11FEB1B}.Debug|Any CPU.ActiveCfg = Debug|Any CPU
		{2B7368AE-FF41-4108-8DB8-4227C11FEB1B}.Debug|Any CPU.Build.0 = Debug|Any CPU
		{2B7368AE-FF41-4108-8DB8-4227C11FEB1B}.Release|Any CPU.ActiveCfg = Release|Any CPU
		{2B7368AE-FF41-4108-8DB8-4227C11FEB1B}.Release|Any CPU.Build.0 = Release|Any CPU
		{2DD8DFDF-04D3-4DC5-A5D3-ADB9BF0D638D}.Debug|Any CPU.ActiveCfg = Debug|Any CPU
		{2DD8DFDF-04D3-4DC5-A5D3-ADB9BF0D638D}.Debug|Any CPU.Build.0 = Debug|Any CPU
		{2DD8DFDF-04D3-4DC5-A5D3-ADB9BF0D638D}.Release|Any CPU.ActiveCfg = Release|Any CPU
		{2DD8DFDF-04D3-4DC5-A5D3-ADB9BF0D638D}.Release|Any CPU.Build.0 = Release|Any CPU
		{8D347E89-B8C5-4A1D-B122-37CF8725608E}.Debug|Any CPU.ActiveCfg = Debug|Any CPU
		{8D347E89-B8C5-4A1D-B122-37CF8725608E}.Debug|Any CPU.Build.0 = Debug|Any CPU
		{8D347E89-B8C5-4A1D-B122-37CF8725608E}.Release|Any CPU.ActiveCfg = Release|Any CPU
		{8D347E89-B8C5-4A1D-B122-37CF8725608E}.Release|Any CPU.Build.0 = Release|Any CPU
		{566F452F-A68E-491A-9785-2B0155111438}.Debug|Any CPU.ActiveCfg = Debug|Any CPU
		{566F452F-A68E-491A-9785-2B0155111438}.Debug|Any CPU.Build.0 = Debug|Any CPU
		{566F452F-A68E-491A-9785-2B0155111438}.Release|Any CPU.ActiveCfg = Release|Any CPU
		{566F452F-A68E-491A-9785-2B0155111438}.Release|Any CPU.Build.0 = Release|Any CPU
		{F2CFDC2F-E4E8-4E4D-8FC8-1203E9A7FD9C}.Debug|Any CPU.ActiveCfg = Debug|Any CPU
		{F2CFDC2F-E4E8-4E4D-8FC8-1203E9A7FD9C}.Debug|Any CPU.Build.0 = Debug|Any CPU
		{F2CFDC2F-E4E8-4E4D-8FC8-1203E9A7FD9C}.Release|Any CPU.ActiveCfg = Release|Any CPU
		{F2CFDC2F-E4E8-4E4D-8FC8-1203E9A7FD9C}.Release|Any CPU.Build.0 = Release|Any CPU
		{2ABE5410-1BC2-49AC-B3DC-0E07F55E8ABE}.Debug|Any CPU.ActiveCfg = Debug|Any CPU
		{2ABE5410-1BC2-49AC-B3DC-0E07F55E8ABE}.Debug|Any CPU.Build.0 = Debug|Any CPU
		{2ABE5410-1BC2-49AC-B3DC-0E07F55E8ABE}.Release|Any CPU.ActiveCfg = Release|Any CPU
		{2ABE5410-1BC2-49AC-B3DC-0E07F55E8ABE}.Release|Any CPU.Build.0 = Release|Any CPU
		{19D601C6-377B-45BD-9246-CADCB7E13771}.Debug|Any CPU.ActiveCfg = Debug|Any CPU
		{19D601C6-377B-45BD-9246-CADCB7E13771}.Debug|Any CPU.Build.0 = Debug|Any CPU
		{19D601C6-377B-45BD-9246-CADCB7E13771}.Release|Any CPU.ActiveCfg = Release|Any CPU
		{19D601C6-377B-45BD-9246-CADCB7E13771}.Release|Any CPU.Build.0 = Release|Any CPU
		{347E7D00-7D97-4465-BBDF-456E99DB38E5}.Debug|Any CPU.ActiveCfg = Debug|Any CPU
		{347E7D00-7D97-4465-BBDF-456E99DB38E5}.Debug|Any CPU.Build.0 = Debug|Any CPU
		{347E7D00-7D97-4465-BBDF-456E99DB38E5}.Release|Any CPU.ActiveCfg = Release|Any CPU
		{347E7D00-7D97-4465-BBDF-456E99DB38E5}.Release|Any CPU.Build.0 = Release|Any CPU
		{FDD1B5B0-D2BF-4083-A353-514BC6610A86}.Debug|Any CPU.ActiveCfg = Debug|Any CPU
		{FDD1B5B0-D2BF-4083-A353-514BC6610A86}.Debug|Any CPU.Build.0 = Debug|Any CPU
		{FDD1B5B0-D2BF-4083-A353-514BC6610A86}.Release|Any CPU.ActiveCfg = Release|Any CPU
		{FDD1B5B0-D2BF-4083-A353-514BC6610A86}.Release|Any CPU.Build.0 = Release|Any CPU
		{96E4A163-C849-426E-A6B1-235FBCB2F72A}.Debug|Any CPU.ActiveCfg = Debug|Any CPU
		{96E4A163-C849-426E-A6B1-235FBCB2F72A}.Debug|Any CPU.Build.0 = Debug|Any CPU
		{96E4A163-C849-426E-A6B1-235FBCB2F72A}.Release|Any CPU.ActiveCfg = Release|Any CPU
		{96E4A163-C849-426E-A6B1-235FBCB2F72A}.Release|Any CPU.Build.0 = Release|Any CPU
		{13621F99-C647-4FBC-85CB-49C61130EDDD}.Debug|Any CPU.ActiveCfg = Debug|Any CPU
		{13621F99-C647-4FBC-85CB-49C61130EDDD}.Debug|Any CPU.Build.0 = Debug|Any CPU
		{13621F99-C647-4FBC-85CB-49C61130EDDD}.Release|Any CPU.ActiveCfg = Release|Any CPU
		{13621F99-C647-4FBC-85CB-49C61130EDDD}.Release|Any CPU.Build.0 = Release|Any CPU
		{3F945DFC-6997-4C62-9C97-A03043477167}.Debug|Any CPU.ActiveCfg = Debug|Any CPU
		{3F945DFC-6997-4C62-9C97-A03043477167}.Debug|Any CPU.Build.0 = Debug|Any CPU
		{3F945DFC-6997-4C62-9C97-A03043477167}.Release|Any CPU.ActiveCfg = Release|Any CPU
		{3F945DFC-6997-4C62-9C97-A03043477167}.Release|Any CPU.Build.0 = Release|Any CPU
		{A4301BAA-55A0-49FE-A984-7A4FE2DA6487}.Debug|Any CPU.ActiveCfg = Debug|Any CPU
		{A4301BAA-55A0-49FE-A984-7A4FE2DA6487}.Debug|Any CPU.Build.0 = Debug|Any CPU
		{A4301BAA-55A0-49FE-A984-7A4FE2DA6487}.Release|Any CPU.ActiveCfg = Release|Any CPU
		{A4301BAA-55A0-49FE-A984-7A4FE2DA6487}.Release|Any CPU.Build.0 = Release|Any CPU
		{CC51B491-DCF2-4F1D-AE8E-78663849255F}.Debug|Any CPU.ActiveCfg = Debug|Any CPU
		{CC51B491-DCF2-4F1D-AE8E-78663849255F}.Debug|Any CPU.Build.0 = Debug|Any CPU
		{CC51B491-DCF2-4F1D-AE8E-78663849255F}.Release|Any CPU.ActiveCfg = Release|Any CPU
		{CC51B491-DCF2-4F1D-AE8E-78663849255F}.Release|Any CPU.Build.0 = Release|Any CPU
		{46B3C126-F577-4843-8DC2-2500BB81593D}.Debug|Any CPU.ActiveCfg = Debug|Any CPU
		{46B3C126-F577-4843-8DC2-2500BB81593D}.Debug|Any CPU.Build.0 = Debug|Any CPU
		{46B3C126-F577-4843-8DC2-2500BB81593D}.Release|Any CPU.ActiveCfg = Release|Any CPU
		{46B3C126-F577-4843-8DC2-2500BB81593D}.Release|Any CPU.Build.0 = Release|Any CPU
		{B1841AD7-65EF-4646-BFCD-9B72F552E174}.Debug|Any CPU.ActiveCfg = Debug|Any CPU
		{B1841AD7-65EF-4646-BFCD-9B72F552E174}.Debug|Any CPU.Build.0 = Debug|Any CPU
		{B1841AD7-65EF-4646-BFCD-9B72F552E174}.Release|Any CPU.ActiveCfg = Release|Any CPU
		{B1841AD7-65EF-4646-BFCD-9B72F552E174}.Release|Any CPU.Build.0 = Release|Any CPU
	EndGlobalSection
	GlobalSection(SolutionProperties) = preSolution
		HideSolutionNode = FALSE
	EndGlobalSection
	GlobalSection(NestedProjects) = preSolution
		{FDD1B5B0-D2BF-4083-A353-514BC6610A86} = {CDCE8D22-9ADF-41B7-8D0D-D2F85F517AAD}
		{96E4A163-C849-426E-A6B1-235FBCB2F72A} = {CDCE8D22-9ADF-41B7-8D0D-D2F85F517AAD}
		{13621F99-C647-4FBC-85CB-49C61130EDDD} = {CDCE8D22-9ADF-41B7-8D0D-D2F85F517AAD}
		{3F945DFC-6997-4C62-9C97-A03043477167} = {CDCE8D22-9ADF-41B7-8D0D-D2F85F517AAD}
		{A4301BAA-55A0-49FE-A984-7A4FE2DA6487} = {CDCE8D22-9ADF-41B7-8D0D-D2F85F517AAD}
		{CC51B491-DCF2-4F1D-AE8E-78663849255F} = {CDCE8D22-9ADF-41B7-8D0D-D2F85F517AAD}
		{46B3C126-F577-4843-8DC2-2500BB81593D} = {CDCE8D22-9ADF-41B7-8D0D-D2F85F517AAD}
		{B1841AD7-65EF-4646-BFCD-9B72F552E174} = {CDCE8D22-9ADF-41B7-8D0D-D2F85F517AAD}
	EndGlobalSection
	GlobalSection(ExtensibilityGlobals) = postSolution
		SolutionGuid = {8FC798B4-8011-40F8-A6A1-EB6E3516F7BB}
	EndGlobalSection
EndGlobal
